
Microsoft Visual Studio Solution File, Format Version 12.00
# Visual Studio 14
VisualStudioVersion = 14.0.25420.1
MinimumVisualStudioVersion = 10.0.40219.1
Project("{FAE04EC0-301F-11D3-BF4B-00C04F79EFBC}") = "WeatherAppComplete", "WeatherAppComplete\WeatherAppComplete.csproj", "{DB363789-BA71-410E-9B7A-16DB6C750D5B}"
EndProject
Project("{2150E333-8FDC-42A3-9474-1A3956D46DE8}") = "Solution Items", "Solution Items", "{64FFCB4A-ACF5-4ED0-808A-5EA587E0B4D3}"
EndProject
Global
	GlobalSection(SolutionConfigurationPlatforms) = preSolution
		Debug|ARM = Debug|ARM
		Debug|x64 = Debug|x64
		Debug|x86 = Debug|x86
		Release|ARM = Release|ARM
		Release|x64 = Release|x64
		Release|x86 = Release|x86
	EndGlobalSection
	GlobalSection(ProjectConfigurationPlatforms) = postSolution
		{DB363789-BA71-410E-9B7A-16DB6C750D5B}.Debug|ARM.ActiveCfg = Debug|ARM
		{DB363789-BA71-410E-9B7A-16DB6C750D5B}.Debug|ARM.Build.0 = Debug|ARM
		{DB363789-BA71-410E-9B7A-16DB6C750D5B}.Debug|ARM.Deploy.0 = Debug|ARM
		{DB363789-BA71-410E-9B7A-16DB6C750D5B}.Debug|x64.ActiveCfg = Debug|x64
		{DB363789-BA71-410E-9B7A-16DB6C750D5B}.Debug|x64.Build.0 = Debug|x64
		{DB363789-BA71-410E-9B7A-16DB6C750D5B}.Debug|x64.Deploy.0 = Debug|x64
		{DB363789-BA71-410E-9B7A-16DB6C750D5B}.Debug|x86.ActiveCfg = Debug|x86
		{DB363789-BA71-410E-9B7A-16DB6C750D5B}.Debug|x86.Build.0 = Debug|x86
		{DB363789-BA71-410E-9B7A-16DB6C750D5B}.Debug|x86.Deploy.0 = Debug|x86
		{DB363789-BA71-410E-9B7A-16DB6C750D5B}.Release|ARM.ActiveCfg = Release|ARM
		{DB363789-BA71-410E-9B7A-16DB6C750D5B}.Release|ARM.Build.0 = Release|ARM
		{DB363789-BA71-410E-9B7A-16DB6C750D5B}.Release|ARM.Deploy.0 = Release|ARM
		{DB363789-BA71-410E-9B7A-16DB6C750D5B}.Release|x64.ActiveCfg = Release|x64
		{DB363789-BA71-410E-9B7A-16DB6C750D5B}.Release|x64.Build.0 = Release|x64
		{DB363789-BA71-410E-9B7A-16DB6C750D5B}.Release|x64.Deploy.0 = Release|x64
		{DB363789-BA71-410E-9B7A-16DB6C750D5B}.Release|x86.ActiveCfg = Release|x86
		{DB363789-BA71-410E-9B7A-16DB6C750D5B}.Release|x86.Build.0 = Release|x86
		{DB363789-BA71-410E-9B7A-16DB6C750D5B}.Release|x86.Deploy.0 = Release|x86
	EndGlobalSection
	GlobalSection(SolutionProperties) = preSolution
		HideSolutionNode = FALSE
	EndGlobalSection
EndGlobal
